
Microsoft Visual Studio Solution File, Format Version 12.00
# Visual Studio Version 17
VisualStudioVersion = 17.12.35410.144
MinimumVisualStudioVersion = 10.0.40219.1
Project("{FAE04EC0-301F-11D3-BF4B-00C04F79EFBC}") = "OpenOFM.Ui", "OpenOFM.Ui\OpenOFM.Ui.csproj", "{F69531FD-7404-479C-A187-86933C5C9B06}"
EndProject
Project("{FAE04EC0-301F-11D3-BF4B-00C04F79EFBC}") = "OpenOFM.Core", "OpenOFM.Core\OpenOFM.Core.csproj", "{C0B9F977-D0A2-439D-8455-D8FFBF1AA50A}"
EndProject
Global
	GlobalSection(SolutionConfigurationPlatforms) = preSolution
		Debug|Any CPU = Debug|Any CPU
		Release|Any CPU = Release|Any CPU
	EndGlobalSection
	GlobalSection(ProjectConfigurationPlatforms) = postSolution
		{F69531FD-7404-479C-A187-86933C5C9B06}.Debug|Any CPU.ActiveCfg = Debug|Any CPU
		{F69531FD-7404-479C-A187-86933C5C9B06}.Debug|Any CPU.Build.0 = Debug|Any CPU
		{F69531FD-7404-479C-A187-86933C5C9B06}.Release|Any CPU.ActiveCfg = Release|Any CPU
		{F69531FD-7404-479C-A187-86933C5C9B06}.Release|Any CPU.Build.0 = Release|Any CPU
		{C0B9F977-D0A2-439D-8455-D8FFBF1AA50A}.Debug|Any CPU.ActiveCfg = Debug|Any CPU
		{C0B9F977-D0A2-439D-8455-D8FFBF1AA50A}.Debug|Any CPU.Build.0 = Debug|Any CPU
		{C0B9F977-D0A2-439D-8455-D8FFBF1AA50A}.Release|Any CPU.ActiveCfg = Release|Any CPU
		{C0B9F977-D0A2-439D-8455-D8FFBF1AA50A}.Release|Any CPU.Build.0 = Release|Any CPU
	EndGlobalSection
	GlobalSection(SolutionProperties) = preSolution
		HideSolutionNode = FALSE
	EndGlobalSection
	GlobalSection(ExtensibilityGlobals) = postSolution
		SolutionGuid = {A96CC5E2-F375-4757-A3B4-84BA0E5C6B48}
	EndGlobalSection
EndGlobal
